# This file is autogenerated, do not edit; changes may be undone by the next 'dep ensure'.


[[projects]]
  digest = "1:2ee1ec060a2e71d2eb24755cb3f3867c52faa9895d2287d3c3bf09b01020cf32"
  name = "github.com/ChimeraCoder/anaconda"
  packages = ["."]
  pruneopts = "UT"
  revision = "9c68684170b980d5b4c2ed08fae9b530e659904d"
  version = "v2.0.0"

[[projects]]
  branch = "master"
  digest = "1:088fd1efa8fcd4f85c3e3c0d135f28114115517a2b215f2e39b67146d032ea33"
  name = "github.com/ChimeraCoder/tokenbucket"
  packages = ["."]
  pruneopts = "UT"
  revision = "c5a927568de7aad8a58127d80bcd36ca4e71e454"

[[projects]]
  branch = "master"
  digest = "1:863cb3d06b96794fd14a54579116b7e704cd8bc395e9d0404a5ad236d3e198b4"
  name = "github.com/azr/backoff"
  packages = ["."]
  pruneopts = "UT"
  revision = "53511d3c733003985b0b76f733df1f4d0095ee6a"

[[projects]]
  digest = "1:ffe9824d294da03b391f44e1ae8281281b4afc1bdaa9588c9097785e3af10cec"
  name = "github.com/davecgh/go-spew"
  packages = ["spew"]
  pruneopts = "UT"
  revision = "8991bc29aa16c548c550c7ff78260e27b9ab7c73"
  version = "v1.1.1"

[[projects]]
  branch = "master"
  digest = "1:efe7dc6d12119a36c1a617b574e99ac9c5ca8fbff57eb283a60462552b7c782a"
  name = "github.com/dustin/go-jsonpointer"
  packages = ["."]
  pruneopts = "UT"
  revision = "ba0abeacc3dcca5b9b20f31509c46794edbc9965"

[[projects]]
  branch = "master"
  digest = "1:07263fbfa1c038e890b410f730279aa7adc217180f1c2f78c6dc80b3bbe9e819"
  name = "github.com/dustin/gojson"
  packages = ["."]
  pruneopts = "UT"
  revision = "2e71ec9dd5adce3b168cd0dbde03b5cc04951c30"

[[projects]]
  branch = "master"
  digest = "1:b5cfd8d62c46082a75974f2f5e167c272f7f7d47c7a21caf49b17a45a558a601"
  name = "github.com/garyburd/go-oauth"
  packages = ["oauth"]
  pruneopts = "UT"
  revision = "bca2e7f09a178fd36b034107a00e2323bca6a82e"

[[projects]]
  branch = "master"
  digest = "1:65356bf47445d48bc47cbeff079be3f3d09db367d8fd3618ee297a5fe754fccb"
  name = "github.com/mattn/go-sixel"
  packages = ["."]
  pruneopts = "UT"
  revision = "a8fac8fa7d811a5c1219264c6a9c287c826af5a2"

[[projects]]
  digest = "1:79e87abf06b873987dee86598950f5b51732ac454d5a5cab6445a14330e6c9e3"
  name = "github.com/mattn/go-sqlite3"
  packages = ["."]
  pruneopts = "UT"
  revision = "b612a2feea6aa87c6d052d9086572551df06497e"
  version = "v1.11.0"

[[projects]]
  digest = "1:0028cb19b2e4c3112225cd871870f2d9cf49b9b4276531f03438a88e94be86fe"
  name = "github.com/pmezard/go-difflib"
  packages = ["difflib"]
  pruneopts = "UT"
  revision = "792786c7400a136282c1664665ae0a8db921c6c2"
  version = "v1.0.0"

[[projects]]
  digest = "1:019333fa267ea5a20a8638bb19b33f63d092a9c6c0446f3df56c563ad55ab491"
  name = "github.com/soniakeys/quant"
  packages = [
    ".",
    "internal",
    "median",
  ]
  pruneopts = "UT"
  revision = "0a3861b3bd925b434c67c93a15633ced8475092d"
  version = "v1.0.0"

[[projects]]
  digest = "1:972c2427413d41a1e06ca4897e8528e5a1622894050e2f527b38ddf0f343f759"
  name = "github.com/stretchr/testify"
  packages = ["assert"]
  pruneopts = "UT"
  revision = "ffdc059bfe9ce6a4e144ba849dbedead332c6053"
  version = "v1.3.0"

[[projects]]
  branch = "master"
  digest = "1:76ee51c3f468493aff39dbacc401e8831fbb765104cbf613b89bef01cf4bad70"
  name = "golang.org/x/net"
  packages = ["context"]
  pruneopts = "UT"
  revision = "da137c7871d730100384dbcf36e6f8fa493aef5b"

[solve-meta]
  analyzer-name = "dep"
  analyzer-version = 1
  input-imports = [
    "github.com/ChimeraCoder/anaconda",
    "github.com/mattn/go-sixel",
    "github.com/mattn/go-sqlite3",
    "github.com/stretchr/testify/assert",
  ]
  solver-name = "gps-cdcl"
  solver-version = 1
