# This file is autogenerated, do not edit; changes may be undone by the next 'dep ensure'.


[[projects]]
  digest = "1:0b6cb5df05e2c41ee44748be84811849db358cdd6b6859eb6a07acd48891ac3c"
  name = "github.com/ChimeraCoder/anaconda"
  packages = ["."]
  pruneopts = ""
  revision = "0cb3e4c3ff8c6df5c73d5058c64e9c4eb6299c4b"
  version = "v1.0.0"

[[projects]]
  branch = "master"
  digest = "1:1632705b0fa9266d58506dfb2bf26dc502709c3911d5660cf278503fcfadf6ac"
  name = "github.com/ChimeraCoder/tokenbucket"
  packages = ["."]
  pruneopts = ""
  revision = "c5a927568de7aad8a58127d80bcd36ca4e71e454"

[[projects]]
  branch = "master"
  digest = "1:650520e175941762d4781168477eda2561c4e24fb0b0578761dda5b0e1382237"
  name = "github.com/azr/backoff"
  packages = ["."]
  pruneopts = ""
  revision = "53511d3c733003985b0b76f733df1f4d0095ee6a"

[[projects]]
  branch = "master"
  digest = "1:5a57f88a1196908f330b6b10340aaa34b5594183e80a7659cac1bfbb3a88d84e"
  name = "github.com/dustin/go-jsonpointer"
  packages = ["."]
  pruneopts = ""
  revision = "ba0abeacc3dcca5b9b20f31509c46794edbc9965"

[[projects]]
  branch = "master"
  digest = "1:9140f1215e69e5b5f05ee4faf473f8532f8a62b2588c55f6ab4f467c31b5a5f8"
  name = "github.com/dustin/gojson"
  packages = ["."]
  pruneopts = ""
  revision = "2e71ec9dd5adce3b168cd0dbde03b5cc04951c30"

[[projects]]
  branch = "master"
  digest = "1:557298cd915bb516580cc31452733e8bc48a21b029696f45e7ea2efc1d370af0"
  name = "github.com/garyburd/go-oauth"
  packages = ["oauth"]
  pruneopts = ""
  revision = "4cff9ef7b7003713efa191899dbaab8fa75e3e73"

[[projects]]
  branch = "master"
  digest = "1:85f2ad67d2bbf1b25314545cd64db43cf8bf51da30b175d80fefd444951e636a"
  name = "github.com/mattn/go-sixel"
  packages = ["."]
  pruneopts = ""
  revision = "a8fac8fa7d811a5c1219264c6a9c287c826af5a2"

[[projects]]
  digest = "1:2ae7bef8115e1538100c327f6be0e77c5d6ec1681c6f2779dcbde2a77afa2341"
  name = "github.com/mattn/go-sqlite3"
  packages = ["."]
  pruneopts = ""
  revision = "ed69081a91fd053f17672236b0dd52ba7485e1a3"
  version = "v1.4.0"

[[projects]]
  digest = "1:9a4867a962086c10a4d4ee2dc1ba4b349f92d6a1458b4e573fb06c54c04a5bdd"
  name = "github.com/soniakeys/quant"
  packages = [
    ".",
    "internal",
    "median",
  ]
  pruneopts = ""
  revision = "0a3861b3bd925b434c67c93a15633ced8475092d"
  version = "v1.0.0"

[[projects]]
  branch = "master"
  digest = "1:447831205e1c85dbf1e6f97cb8ca54931452c6aff79c630ea091ecbbdc2e921e"
  name = "golang.org/x/net"
  packages = ["context"]
  pruneopts = ""
  revision = "a8b9294777976932365dabb6640cf1468d95c70f"

[solve-meta]
  analyzer-name = "dep"
  analyzer-version = 1
  input-imports = [
    "github.com/ChimeraCoder/anaconda",
    "github.com/mattn/go-sixel",
    "github.com/mattn/go-sqlite3",
  ]
  solver-name = "gps-cdcl"
  solver-version = 1
